
Microsoft Visual Studio Solution File, Format Version 12.00
Project("{FAE04EC0-301F-11D3-BF4B-00C04F79EFBC}") = "PatientManagementSystem.Api", "src\PatientManagementSystem.Api\PatientManagementSystem.Api.csproj", "{E5FDB826-666C-47AD-97FD-92F374896B97}"
EndProject
Project("{FAE04EC0-301F-11D3-BF4B-00C04F79EFBC}") = "PatientManagementSystem.Modules.Identity", "src\PatientManagementSystem.Modules.Identity\PatientManagementSystem.Modules.Identity.csproj", "{908F32A9-2B02-4309-B535-8746F36665EE}"
EndProject
Project("{FAE04EC0-301F-11D3-BF4B-00C04F79EFBC}") = "PatientManagementSystem.Common", "src\PatientManagementSystem.Common\PatientManagementSystem.Common.csproj", "{6C6F81D0-2B95-4593-8422-FC5707ADF6E5}"
EndProject
Project("{FAE04EC0-301F-11D3-BF4B-00C04F79EFBC}") = "PatientManagementSystem.Infrastructure", "src\PatientManagementSystem.Infrastructure\PatientManagementSystem.Infrastructure.csproj", "{B5531C18-1760-49B8-9B35-A8616257565B}"
EndProject
Global
	GlobalSection(SolutionConfigurationPlatforms) = preSolution
		Debug|Any CPU = Debug|Any CPU
		Release|Any CPU = Release|Any CPU
	EndGlobalSection
	GlobalSection(ProjectConfigurationPlatforms) = postSolution
		{E5FDB826-666C-47AD-97FD-92F374896B97}.Debug|Any CPU.ActiveCfg = Debug|Any CPU
		{E5FDB826-666C-47AD-97FD-92F374896B97}.Debug|Any CPU.Build.0 = Debug|Any CPU
		{E5FDB826-666C-47AD-97FD-92F374896B97}.Release|Any CPU.ActiveCfg = Release|Any CPU
		{E5FDB826-666C-47AD-97FD-92F374896B97}.Release|Any CPU.Build.0 = Release|Any CPU
		{908F32A9-2B02-4309-B535-8746F36665EE}.Debug|Any CPU.ActiveCfg = Debug|Any CPU
		{908F32A9-2B02-4309-B535-8746F36665EE}.Debug|Any CPU.Build.0 = Debug|Any CPU
		{908F32A9-2B02-4309-B535-8746F36665EE}.Release|Any CPU.ActiveCfg = Release|Any CPU
		{908F32A9-2B02-4309-B535-8746F36665EE}.Release|Any CPU.Build.0 = Release|Any CPU
		{6C6F81D0-2B95-4593-8422-FC5707ADF6E5}.Debug|Any CPU.ActiveCfg = Debug|Any CPU
		{6C6F81D0-2B95-4593-8422-FC5707ADF6E5}.Debug|Any CPU.Build.0 = Debug|Any CPU
		{6C6F81D0-2B95-4593-8422-FC5707ADF6E5}.Release|Any CPU.ActiveCfg = Release|Any CPU
		{6C6F81D0-2B95-4593-8422-FC5707ADF6E5}.Release|Any CPU.Build.0 = Release|Any CPU
		{B5531C18-1760-49B8-9B35-A8616257565B}.Debug|Any CPU.ActiveCfg = Debug|Any CPU
		{B5531C18-1760-49B8-9B35-A8616257565B}.Debug|Any CPU.Build.0 = Debug|Any CPU
		{B5531C18-1760-49B8-9B35-A8616257565B}.Release|Any CPU.ActiveCfg = Release|Any CPU
		{B5531C18-1760-49B8-9B35-A8616257565B}.Release|Any CPU.Build.0 = Release|Any CPU
	EndGlobalSection
EndGlobal
